{
  "name": "finalmap",
  "version": "1.0.0",
  "lockfileVersion": 2,
  "requires": true,
  "packages": {
    "": {
      "name": "finalmap",
      "version": "1.0.0",
      "license": "ISC",
      "dependencies": {
        "exif-js": "^2.3.0",
        "exifreader": "^4.5.0"
      }
    },
    "node_modules/@xmldom/xmldom": {
      "version": "0.7.5",
      "resolved": "https://registry.npmmirror.com/@xmldom/xmldom/-/xmldom-0.7.5.tgz",
      "integrity": "sha512-V3BIhmY36fXZ1OtVcI9W+FxQqxVLsPKcNjWigIaa81dLC9IolJl5Mt4Cvhmr0flUnjSpTdrbMTSbXqYqV5dT6A==",
      "optional": true,
      "engines": {
        "node": ">=10.0.0"
      }
    },
    "node_modules/exif-js": {
      "version": "2.3.0",
      "resolved": "https://registry.npmmirror.com/exif-js/-/exif-js-2.3.0.tgz",
      "integrity": "sha512-1Og9pAzG2FZRVlaavH8bB8BTeHcjMdJhKmeQITkX+uLRCD0xPtKAdZ2clZmQdJ56p9adXtJ8+jwrGp/4505lYg=="
    },
    "node_modules/exifreader": {
      "version": "4.5.0",
      "resolved": "https://registry.npmmirror.com/exifreader/-/exifreader-4.5.0.tgz",
      "integrity": "sha512-CUkDKjA+hNV6+bx5skPPdjeyPV28LZtqrd/7Sli1j2Y/QTZC7PQc+h2j5TeIo5zYbYhwzEN6chgeTdWLY33cUg==",
      "hasInstallScript": true,
      "optionalDependencies": {
        "@xmldom/xmldom": "^0.7.5"
      }
    }
  },
  "dependencies": {
    "@xmldom/xmldom": {
      "version": "0.7.5",
      "resolved": "https://registry.npmmirror.com/@xmldom/xmldom/-/xmldom-0.7.5.tgz",
      "integrity": "sha512-V3BIhmY36fXZ1OtVcI9W+FxQqxVLsPKcNjWigIaa81dLC9IolJl5Mt4Cvhmr0flUnjSpTdrbMTSbXqYqV5dT6A==",
      "optional": true
    },
    "exif-js": {
      "version": "2.3.0",
      "resolved": "https://registry.npmmirror.com/exif-js/-/exif-js-2.3.0.tgz",
      "integrity": "sha512-1Og9pAzG2FZRVlaavH8bB8BTeHcjMdJhKmeQITkX+uLRCD0xPtKAdZ2clZmQdJ56p9adXtJ8+jwrGp/4505lYg=="
    },
    "exifreader": {
      "version": "4.5.0",
      "resolved": "https://registry.npmmirror.com/exifreader/-/exifreader-4.5.0.tgz",
      "integrity": "sha512-CUkDKjA+hNV6+bx5skPPdjeyPV28LZtqrd/7Sli1j2Y/QTZC7PQc+h2j5TeIo5zYbYhwzEN6chgeTdWLY33cUg==",
      "requires": {
        "@xmldom/xmldom": "^0.7.5"
      }
    }
  }
}
